
Microsoft Visual Studio Solution File, Format Version 12.00
# Visual Studio Version 17
VisualStudioVersion = 17.1.32319.34
MinimumVisualStudioVersion = 10.0.40219.1
Project("{FAE04EC0-301F-11D3-BF4B-00C04F79EFBC}") = "Siparis.Entity", "Siparis.Entity\Siparis.Entity.csproj", "{582B326E-B9C2-43C6-BE33-AE6AE915C788}"
EndProject
Project("{FAE04EC0-301F-11D3-BF4B-00C04F79EFBC}") = "siparis.DAL", "siparis.DAL\siparis.DAL.csproj", "{BE107D1E-ACBD-439D-B71D-252739D6CF8C}"
EndProject
Global
	GlobalSection(SolutionConfigurationPlatforms) = preSolution
		Debug|Any CPU = Debug|Any CPU
		Release|Any CPU = Release|Any CPU
	EndGlobalSection
	GlobalSection(ProjectConfigurationPlatforms) = postSolution
		{582B326E-B9C2-43C6-BE33-AE6AE915C788}.Debug|Any CPU.ActiveCfg = Debug|Any CPU
		{582B326E-B9C2-43C6-BE33-AE6AE915C788}.Debug|Any CPU.Build.0 = Debug|Any CPU
		{582B326E-B9C2-43C6-BE33-AE6AE915C788}.Release|Any CPU.ActiveCfg = Release|Any CPU
		{582B326E-B9C2-43C6-BE33-AE6AE915C788}.Release|Any CPU.Build.0 = Release|Any CPU
		{BE107D1E-ACBD-439D-B71D-252739D6CF8C}.Debug|Any CPU.ActiveCfg = Debug|Any CPU
		{BE107D1E-ACBD-439D-B71D-252739D6CF8C}.Debug|Any CPU.Build.0 = Debug|Any CPU
		{BE107D1E-ACBD-439D-B71D-252739D6CF8C}.Release|Any CPU.ActiveCfg = Release|Any CPU
		{BE107D1E-ACBD-439D-B71D-252739D6CF8C}.Release|Any CPU.Build.0 = Release|Any CPU
	EndGlobalSection
	GlobalSection(SolutionProperties) = preSolution
		HideSolutionNode = FALSE
	EndGlobalSection
	GlobalSection(ExtensibilityGlobals) = postSolution
		SolutionGuid = {18308D88-F58E-4168-8C9D-B83CFA60F109}
	EndGlobalSection
EndGlobal
